// !$*UTF8*$!
{
	archiveVersion = 1;
	classes = {
	};
	objectVersion = 55;
	objects = {

/* Begin PBXBuildFile section */
		FCAD08F427C6883A00040FBF /* AppDelegate.swift in Sources */ = {isa = PBXBuildFile; fileRef = FCAD08F327C6883A00040FBF /* AppDelegate.swift */; };
		FCAD08F627C6883A00040FBF /* SceneDelegate.swift in Sources */ = {isa = PBXBuildFile; fileRef = FCAD08F527C6883A00040FBF /* SceneDelegate.swift */; };
		FCAD08F827C6883A00040FBF /* ViewController.swift in Sources */ = {isa = PBXBuildFile; fileRef = FCAD08F727C6883A00040FBF /* ViewController.swift */; };
		FCAD08FB27C6883A00040FBF /* Main.storyboard in Resources */ = {isa = PBXBuildFile; fileRef = FCAD08F927C6883A00040FBF /* Main.storyboard */; };
		FCAD08FD27C6883C00040FBF /* Assets.xcassets in Resources */ = {isa = PBXBuildFile; fileRef = FCAD08FC27C6883C00040FBF /* Assets.xcassets */; };
		FCAD090027C6883C00040FBF /* LaunchScreen.storyboard in Resources */ = {isa = PBXBuildFile; fileRef = FCAD08FE27C6883C00040FBF /* LaunchScreen.storyboard */; };
		FCAD090927C68B0600040FBF /* CustomCollectionViewCell.swift in Sources */ = {isa = PBXBuildFile; fileRef = FCAD090727C68B0600040FBF /* CustomCollectionViewCell.swift */; };
		FCAD090A27C68B0600040FBF /* CustomCollectionViewCell.xib in Resources */ = {isa = PBXBuildFile; fileRef = FCAD090827C68B0600040FBF /* CustomCollectionViewCell.xib */; };
		FCAD091227C6C21200040FBF /* ImageCollectionViewCell.swift in Sources */ = {isa = PBXBuildFile; fileRef = FCAD091127C6C21200040FBF /* ImageCollectionViewCell.swift */; };
		FCAD091427C6C32900040FBF /* ImageCollectionViewCell.xib in Resources */ = {isa = PBXBuildFile; fileRef = FCAD091327C6C32900040FBF /* ImageCollectionViewCell.xib */; };
/* End PBXBuildFile section */

/* Begin PBXFileReference section */
		FCAD08F027C6883A00040FBF /* CollectionViews-XibCells.app */ = {isa = PBXFileReference; explicitFileType = wrapper.application; includeInIndex = 0; path = "CollectionViews-XibCells.app"; sourceTree = BUILT_PRODUCTS_DIR; };
		FCAD08F327C6883A00040FBF /* AppDelegate.swift */ = {isa = PBXFileReference; lastKnownFileType = sourcecode.swift; path = AppDelegate.swift; sourceTree = "<group>"; };
		FCAD08F527C6883A00040FBF /* SceneDelegate.swift */ = {isa = PBXFileReference; lastKnownFileType = sourcecode.swift; path = SceneDelegate.swift; sourceTree = "<group>"; };
		FCAD08F727C6883A00040FBF /* ViewController.swift */ = {isa = PBXFileReference; lastKnownFileType = sourcecode.swift; path = ViewController.swift; sourceTree = "<group>"; };
		FCAD08FA27C6883A00040FBF /* Base */ = {isa = PBXFileReference; lastKnownFileType = file.storyboard; name = Base; path = Base.lproj/Main.storyboard; sourceTree = "<group>"; };
		FCAD08FC27C6883C00040FBF /* Assets.xcassets */ = {isa = PBXFileReference; lastKnownFileType = folder.assetcatalog; path = Assets.xcassets; sourceTree = "<group>"; };
		FCAD08FF27C6883C00040FBF /* Base */ = {isa = PBXFileReference; lastKnownFileType = file.storyboard; name = Base; path = Base.lproj/LaunchScreen.storyboard; sourceTree = "<group>"; };
		FCAD090127C6883C00040FBF /* Info.plist */ = {isa = PBXFileReference; lastKnownFileType = text.plist.xml; path = Info.plist; sourceTree = "<group>"; };
		FCAD090727C68B0600040FBF /* CustomCollectionViewCell.swift */ = {isa = PBXFileReference; lastKnownFileType = sourcecode.swift; path = CustomCollectionViewCell.swift; sourceTree = "<group>"; };
		FCAD090827C68B0600040FBF /* CustomCollectionViewCell.xib */ = {isa = PBXFileReference; lastKnownFileType = file.xib; path = CustomCollectionViewCell.xib; sourceTree = "<group>"; };
		FCAD091127C6C21200040FBF /* ImageCollectionViewCell.swift */ = {isa = PBXFileReference; lastKnownFileType = sourcecode.swift; path = ImageCollectionViewCell.swift; sourceTree = "<group>"; };
		FCAD091327C6C32900040FBF /* ImageCollectionViewCell.xib */ = {isa = PBXFileReference; lastKnownFileType = file.xib; path = ImageCollectionViewCell.xib; sourceTree = "<group>"; };
/* End PBXFileReference section */

/* Begin PBXFrameworksBuildPhase section */
		FCAD08ED27C6883A00040FBF /* Frameworks */ = {
			isa = PBXFrameworksBuildPhase;
			buildActionMask = 2147483647;
			files = (
			);
			runOnlyForDeploymentPostprocessing = 0;
		};
/* End PBXFrameworksBuildPhase section */

/* Begin PBXGroup section */
		FCAD08E727C6883A00040FBF = {
			isa = PBXGroup;
			children = (
				FCAD08F227C6883A00040FBF /* CollectionViews-XibCells */,
				FCAD08F127C6883A00040FBF /* Products */,
			);
			sourceTree = "<group>";
		};
		FCAD08F127C6883A00040FBF /* Products */ = {
			isa = PBXGroup;
			children = (
				FCAD08F027C6883A00040FBF /* CollectionViews-XibCells.app */,
			);
			name = Products;
			sourceTree = "<group>";
		};
		FCAD08F227C6883A00040FBF /* CollectionViews-XibCells */ = {
			isa = PBXGroup;
			children = (
				FCAD08F327C6883A00040FBF /* AppDelegate.swift */,
				FCAD08F527C6883A00040FBF /* SceneDelegate.swift */,
				FCAD090C27C68B1500040FBF /* Controller */,
				FCAD090B27C68B0E00040FBF /* Views */,
				FCAD08F927C6883A00040FBF /* Main.storyboard */,
				FCAD08FC27C6883C00040FBF /* Assets.xcassets */,
				FCAD08FE27C6883C00040FBF /* LaunchScreen.storyboard */,
				FCAD090127C6883C00040FBF /* Info.plist */,
			);
			path = "CollectionViews-XibCells";
			sourceTree = "<group>";
		};
		FCAD090B27C68B0E00040FBF /* Views */ = {
			isa = PBXGroup;
			children = (
				FCAD090727C68B0600040FBF /* CustomCollectionViewCell.swift */,
				FCAD090827C68B0600040FBF /* CustomCollectionViewCell.xib */,
				FCAD091127C6C21200040FBF /* ImageCollectionViewCell.swift */,
				FCAD091327C6C32900040FBF /* ImageCollectionViewCell.xib */,
			);
			path = Views;
			sourceTree = "<group>";
		};
		FCAD090C27C68B1500040FBF /* Controller */ = {
			isa = PBXGroup;
			children = (
				FCAD08F727C6883A00040FBF /* ViewController.swift */,
			);
			path = Controller;
			sourceTree = "<group>";
		};
/* End PBXGroup section */

/* Begin PBXNativeTarget section */
		FCAD08EF27C6883A00040FBF /* CollectionViews-XibCells */ = {
			isa = PBXNativeTarget;
			buildConfigurationList = FCAD090427C6883C00040FBF /* Build configuration list for PBXNativeTarget "CollectionViews-XibCells" */;
			buildPhases = (
				FCAD08EC27C6883A00040FBF /* Sources */,
				FCAD08ED27C6883A00040FBF /* Frameworks */,
				FCAD08EE27C6883A00040FBF /* Resources */,
			);
			buildRules = (
			);
			dependencies = (
			);
			name = "CollectionViews-XibCells";
			productName = "CollectionViews-XibCells";
			productReference = FCAD08F027C6883A00040FBF /* CollectionViews-XibCells.app */;
			productType = "com.apple.product-type.application";
		};
/* End PBXNativeTarget section */

/* Begin PBXProject section */
		FCAD08E827C6883A00040FBF /* Project object */ = {
			isa = PBXProject;
			attributes = {
				BuildIndependentTargetsInParallel = 1;
				LastSwiftUpdateCheck = 1320;
				LastUpgradeCheck = 1320;
				TargetAttributes = {
					FCAD08EF27C6883A00040FBF = {
						CreatedOnToolsVersion = 13.2.1;
					};
				};
			};
			buildConfigurationList = FCAD08EB27C6883A00040FBF /* Build configuration list for PBXProject "CollectionViews-XibCells" */;
			compatibilityVersion = "Xcode 13.0";
			developmentRegion = en;
			hasScannedForEncodings = 0;
			knownRegions = (
				en,
				Base,
			);
			mainGroup = FCAD08E727C6883A00040FBF;
			productRefGroup = FCAD08F127C6883A00040FBF /* Products */;
			projectDirPath = "";
			projectRoot = "";
			targets = (
				FCAD08EF27C6883A00040FBF /* CollectionViews-XibCells */,
			);
		};
/* End PBXProject section */

/* Begin PBXResourcesBuildPhase section */
		FCAD08EE27C6883A00040FBF /* Resources */ = {
			isa = PBXResourcesBuildPhase;
			buildActionMask = 2147483647;
			files = (
				FCAD090027C6883C00040FBF /* LaunchScreen.storyboard in Resources */,
				FCAD08FD27C6883C00040FBF /* Assets.xcassets in Resources */,
				FCAD08FB27C6883A00040FBF /* Main.storyboard in Resources */,
				FCAD090A27C68B0600040FBF /* CustomCollectionViewCell.xib in Resources */,
				FCAD091427C6C32900040FBF /* ImageCollectionViewCell.xib in Resources */,
			);
			runOnlyForDeploymentPostprocessing = 0;
		};
/* End PBXResourcesBuildPhase section */

/* Begin PBXSourcesBuildPhase section */
		FCAD08EC27C6883A00040FBF /* Sources */ = {
			isa = PBXSourcesBuildPhase;
			buildActionMask = 2147483647;
			files = (
				FCAD08F827C6883A00040FBF /* ViewController.swift in Sources */,
				FCAD091227C6C21200040FBF /* ImageCollectionViewCell.swift in Sources */,
				FCAD08F427C6883A00040FBF /* AppDelegate.swift in Sources */,
				FCAD08F627C6883A00040FBF /* SceneDelegate.swift in Sources */,
				FCAD090927C68B0600040FBF /* CustomCollectionViewCell.swift in Sources */,
			);
			runOnlyForDeploymentPostprocessing = 0;
		};
/* End PBXSourcesBuildPhase section */

/* Begin PBXVariantGroup section */
		FCAD08F927C6883A00040FBF /* Main.storyboard */ = {
			isa = PBXVariantGroup;
			children = (
				FCAD08FA27C6883A00040FBF /* Base */,
			);
			name = Main.storyboard;
			sourceTree = "<group>";
		};
		FCAD08FE27C6883C00040FBF /* LaunchScreen.storyboard */ = {
			isa = PBXVariantGroup;
			children = (
				FCAD08FF27C6883C00040FBF /* Base */,
			);
			name = LaunchScreen.storyboard;
			sourceTree = "<group>";
		};
/* End PBXVariantGroup section */

/* Begin XCBuildConfiguration section */
		FCAD090227C6883C00040FBF /* Debug */ = {
			isa = XCBuildConfiguration;
			buildSettings = {
				ALWAYS_SEARCH_USER_PATHS = NO;
				CLANG_ANALYZER_NONNULL = YES;
				CLANG_ANALYZER_NUMBER_OBJECT_CONVERSION = YES_AGGRESSIVE;
				CLANG_CXX_LANGUAGE_STANDARD = "gnu++17";
				CLANG_CXX_LIBRARY = "libc++";
				CLANG_ENABLE_MODULES = YES;
				CLANG_ENABLE_OBJC_ARC = YES;
				CLANG_ENABLE_OBJC_WEAK = YES;
				CLANG_WARN_BLOCK_CAPTURE_AUTORELEASING = YES;
				CLANG_WARN_BOOL_CONVERSION = YES;
				CLANG_WARN_COMMA = YES;
				CLANG_WARN_CONSTANT_CONVERSION = YES;
				CLANG_WARN_DEPRECATED_OBJC_IMPLEMENTATIONS = YES;
				CLANG_WARN_DIRECT_OBJC_ISA_USAGE = YES_ERROR;
				CLANG_WARN_DOCUMENTATION_COMMENTS = YES;
				CLANG_WARN_EMPTY_BODY = YES;
				CLANG_WARN_ENUM_CONVERSION = YES;
				CLANG_WARN_INFINITE_RECURSION = YES;
				CLANG_WARN_INT_CONVERSION = YES;
				CLANG_WARN_NON_LITERAL_NULL_CONVERSION = YES;
				CLANG_WARN_OBJC_IMPLICIT_RETAIN_SELF = YES;
				CLANG_WARN_OBJC_LITERAL_CONVERSION = YES;
				CLANG_WARN_OBJC_ROOT_CLASS = YES_ERROR;
				CLANG_WARN_QUOTED_INCLUDE_IN_FRAMEWORK_HEADER = YES;
				CLANG_WARN_RANGE_LOOP_ANALYSIS = YES;
				CLANG_WARN_STRICT_PROTOTYPES = YES;
				CLANG_WARN_SUSPICIOUS_MOVE = YES;
				CLANG_WARN_UNGUARDED_AVAILABILITY = YES_AGGRESSIVE;
				CLANG_WARN_UNREACHABLE_CODE = YES;
				CLANG_WARN__DUPLICATE_METHOD_MATCH = YES;
				COPY_PHASE_STRIP = NO;
				DEBUG_INFORMATION_FORMAT = dwarf;
				ENABLE_STRICT_OBJC_MSGSEND = YES;
				ENABLE_TESTABILITY = YES;
				GCC_C_LANGUAGE_STANDARD = gnu11;
				GCC_DYNAMIC_NO_PIC = NO;
				GCC_NO_COMMON_BLOCKS = YES;
				GCC_OPTIMIZATION_LEVEL = 0;
				GCC_PREPROCESSOR_DEFINITIONS = (
					"DEBUG=1",
					"$(inherited)",
				);
				GCC_WARN_64_TO_32_BIT_CONVERSION = YES;
				GCC_WARN_ABOUT_RETURN_TYPE = YES_ERROR;
				GCC_WARN_UNDECLARED_SELECTOR = YES;
				GCC_WARN_UNINITIALIZED_AUTOS = YES_AGGRESSIVE;
				GCC_WARN_UNUSED_FUNCTION = YES;
				GCC_WARN_UNUSED_VARIABLE = YES;
				IPHONEOS_DEPLOYMENT_TARGET = 15.2;
				MTL_ENABLE_DEBUG_INFO = INCLUDE_SOURCE;
				MTL_FAST_MATH = YES;
				ONLY_ACTIVE_ARCH = YES;
				SDKROOT = iphoneos;
				SWIFT_ACTIVE_COMPILATION_CONDITIONS = DEBUG;
				SWIFT_OPTIMIZATION_LEVEL = "-Onone";
			};
			name = Debug;
		};
		FCAD090327C6883C00040FBF /* Release */ = {
			isa = XCBuildConfiguration;
			buildSettings = {
				ALWAYS_SEARCH_USER_PATHS = NO;
				CLANG_ANALYZER_NONNULL = YES;
				CLANG_ANALYZER_NUMBER_OBJECT_CONVERSION = YES_AGGRESSIVE;
				CLANG_CXX_LANGUAGE_STANDARD = "gnu++17";
				CLANG_CXX_LIBRARY = "libc++";
				CLANG_ENABLE_MODULES = YES;
				CLANG_ENABLE_OBJC_ARC = YES;
				CLANG_ENABLE_OBJC_WEAK = YES;
				CLANG_WARN_BLOCK_CAPTURE_AUTORELEASING = YES;
				CLANG_WARN_BOOL_CONVERSION = YES;
				CLANG_WARN_COMMA = YES;
				CLANG_WARN_CONSTANT_CONVERSION = YES;
				CLANG_WARN_DEPRECATED_OBJC_IMPLEMENTATIONS = YES;
				CLANG_WARN_DIRECT_OBJC_ISA_USAGE = YES_ERROR;
				CLANG_WARN_DOCUMENTATION_COMMENTS = YES;
				CLANG_WARN_EMPTY_BODY = YES;
				CLANG_WARN_ENUM_CONVERSION = YES;
				CLANG_WARN_INFINITE_RECURSION = YES;
				CLANG_WARN_INT_CONVERSION = YES;
				CLANG_WARN_NON_LITERAL_NULL_CONVERSION = YES;
				CLANG_WARN_OBJC_IMPLICIT_RETAIN_SELF = YES;
				CLANG_WARN_OBJC_LITERAL_CONVERSION = YES;
				CLANG_WARN_OBJC_ROOT_CLASS = YES_ERROR;
				CLANG_WARN_QUOTED_INCLUDE_IN_FRAMEWORK_HEADER = YES;
				CLANG_WARN_RANGE_LOOP_ANALYSIS = YES;
				CLANG_WARN_STRICT_PROTOTYPES = YES;
				CLANG_WARN_SUSPICIOUS_MOVE = YES;
				CLANG_WARN_UNGUARDED_AVAILABILITY = YES_AGGRESSIVE;
				CLANG_WARN_UNREACHABLE_CODE = YES;
				CLANG_WARN__DUPLICATE_METHOD_MATCH = YES;
				COPY_PHASE_STRIP = NO;
				DEBUG_INFORMATION_FORMAT = "dwarf-with-dsym";
				ENABLE_NS_ASSERTIONS = NO;
				ENABLE_STRICT_OBJC_MSGSEND = YES;
				GCC_C_LANGUAGE_STANDARD = gnu11;
				GCC_NO_COMMON_BLOCKS = YES;
				GCC_WARN_64_TO_32_BIT_CONVERSION = YES;
				GCC_WARN_ABOUT_RETURN_TYPE = YES_ERROR;
				GCC_WARN_UNDECLARED_SELECTOR = YES;
				GCC_WARN_UNINITIALIZED_AUTOS = YES_AGGRESSIVE;
				GCC_WARN_UNUSED_FUNCTION = YES;
				GCC_WARN_UNUSED_VARIABLE = YES;
				IPHONEOS_DEPLOYMENT_TARGET = 15.2;
				MTL_ENABLE_DEBUG_INFO = NO;
				MTL_FAST_MATH = YES;
				SDKROOT = iphoneos;
				SWIFT_COMPILATION_MODE = wholemodule;
				SWIFT_OPTIMIZATION_LEVEL = "-O";
				VALIDATE_PRODUCT = YES;
			};
			name = Release;
		};
		FCAD090527C6883C00040FBF /* Debug */ = {
			isa = XCBuildConfiguration;
			buildSettings = {
				ASSETCATALOG_COMPILER_APPICON_NAME = AppIcon;
				ASSETCATALOG_COMPILER_GLOBAL_ACCENT_COLOR_NAME = AccentColor;
				CODE_SIGN_STYLE = Automatic;
				CURRENT_PROJECT_VERSION = 1;
				GENERATE_INFOPLIST_FILE = YES;
				INFOPLIST_FILE = "CollectionViews-XibCells/Info.plist";
				INFOPLIST_KEY_UIApplicationSupportsIndirectInputEvents = YES;
				INFOPLIST_KEY_UILaunchStoryboardName = LaunchScreen;
				INFOPLIST_KEY_UIMainStoryboardFile = Main;
				INFOPLIST_KEY_UISupportedInterfaceOrientations_iPad = "UIInterfaceOrientationPortrait UIInterfaceOrientationPortraitUpsideDown UIInterfaceOrientationLandscapeLeft UIInterfaceOrientationLandscapeRight";
				INFOPLIST_KEY_UISupportedInterfaceOrientations_iPhone = "UIInterfaceOrientationPortrait UIInterfaceOrientationLandscapeLeft UIInterfaceOrientationLandscapeRight";
				LD_RUNPATH_SEARCH_PATHS = (
					"$(inherited)",
					"@executable_path/Frameworks",
				);
				MARKETING_VERSION = 1.0;
				PRODUCT_BUNDLE_IDENTIFIER = "Intership.CollectionViews-XibCells";
				PRODUCT_NAME = "$(TARGET_NAME)";
				SWIFT_EMIT_LOC_STRINGS = YES;
				SWIFT_VERSION = 5.0;
				TARGETED_DEVICE_FAMILY = "1,2";
			};
			name = Debug;
		};
		FCAD090627C6883C00040FBF /* Release */ = {
			isa = XCBuildConfiguration;
			buildSettings = {
				ASSETCATALOG_COMPILER_APPICON_NAME = AppIcon;
				ASSETCATALOG_COMPILER_GLOBAL_ACCENT_COLOR_NAME = AccentColor;
				CODE_SIGN_STYLE = Automatic;
				CURRENT_PROJECT_VERSION = 1;
				GENERATE_INFOPLIST_FILE = YES;
				INFOPLIST_FILE = "CollectionViews-XibCells/Info.plist";
				INFOPLIST_KEY_UIApplicationSupportsIndirectInputEvents = YES;
				INFOPLIST_KEY_UILaunchStoryboardName = LaunchScreen;
				INFOPLIST_KEY_UIMainStoryboardFile = Main;
				INFOPLIST_KEY_UISupportedInterfaceOrientations_iPad = "UIInterfaceOrientationPortrait UIInterfaceOrientationPortraitUpsideDown UIInterfaceOrientationLandscapeLeft UIInterfaceOrientationLandscapeRight";
				INFOPLIST_KEY_UISupportedInterfaceOrientations_iPhone = "UIInterfaceOrientationPortrait UIInterfaceOrientationLandscapeLeft UIInterfaceOrientationLandscapeRight";
				LD_RUNPATH_SEARCH_PATHS = (
					"$(inherited)",
					"@executable_path/Frameworks",
				);
				MARKETING_VERSION = 1.0;
				PRODUCT_BUNDLE_IDENTIFIER = "Intership.CollectionViews-XibCells";
				PRODUCT_NAME = "$(TARGET_NAME)";
				SWIFT_EMIT_LOC_STRINGS = YES;
				SWIFT_VERSION = 5.0;
				TARGETED_DEVICE_FAMILY = "1,2";
			};
			name = Release;
		};
/* End XCBuildConfiguration section */

/* Begin XCConfigurationList section */
		FCAD08EB27C6883A00040FBF /* Build configuration list for PBXProject "CollectionViews-XibCells" */ = {
			isa = XCConfigurationList;
			buildConfigurations = (
				FCAD090227C6883C00040FBF /* Debug */,
				FCAD090327C6883C00040FBF /* Release */,
			);
			defaultConfigurationIsVisible = 0;
			defaultConfigurationName = Release;
		};
		FCAD090427C6883C00040FBF /* Build configuration list for PBXNativeTarget "CollectionViews-XibCells" */ = {
			isa = XCConfigurationList;
			buildConfigurations = (
				FCAD090527C6883C00040FBF /* Debug */,
				FCAD090627C6883C00040FBF /* Release */,
			);
			defaultConfigurationIsVisible = 0;
			defaultConfigurationName = Release;
		};
/* End XCConfigurationList section */
	};
	rootObject = FCAD08E827C6883A00040FBF /* Project object */;
}
